
Microsoft Visual Studio Solution File, Format Version 12.00
# Visual Studio Version 16
VisualStudioVersion = 16.0.32228.343
MinimumVisualStudioVersion = 10.0.40219.1
Project("{FAE04EC0-301F-11D3-BF4B-00C04F79EFBC}") = "CRUD-Alumnos", "CRUD-Alumnos.csproj", "{1E6986D8-B5F6-4268-AA73-CAFE73208107}"
EndProject
Global
	GlobalSection(SolutionConfigurationPlatforms) = preSolution
		Debug|Any CPU = Debug|Any CPU
		Release|Any CPU = Release|Any CPU
	EndGlobalSection
	GlobalSection(ProjectConfigurationPlatforms) = postSolution
		{1E6986D8-B5F6-4268-AA73-CAFE73208107}.Debug|Any CPU.ActiveCfg = Debug|Any CPU
		{1E6986D8-B5F6-4268-AA73-CAFE73208107}.Debug|Any CPU.Build.0 = Debug|Any CPU
		{1E6986D8-B5F6-4268-AA73-CAFE73208107}.Release|Any CPU.ActiveCfg = Release|Any CPU
		{1E6986D8-B5F6-4268-AA73-CAFE73208107}.Release|Any CPU.Build.0 = Release|Any CPU
	EndGlobalSection
	GlobalSection(SolutionProperties) = preSolution
		HideSolutionNode = FALSE
	EndGlobalSection
	GlobalSection(ExtensibilityGlobals) = postSolution
		SolutionGuid = {3D8FA3B3-BCA9-4A1A-9EA3-3148E1429F6E}
	EndGlobalSection
EndGlobal
